
Microsoft Visual Studio Solution File, Format Version 12.00
# Visual Studio Version 17
VisualStudioVersion = 17.5.33516.290
MinimumVisualStudioVersion = 10.0.40219.1
Project("{9A19103F-16F7-4668-BE54-9A1E7A4F7556}") = "AvaloniaPad", "AvaloniaPad\AvaloniaPad.csproj", "{A8EF7527-7D05-4166-A72A-D3E7F9AC2F9A}"
EndProject
Project("{FAE04EC0-301F-11D3-BF4B-00C04F79EFBC}") = "StylesTests", "StylesTests\StylesTests.csproj", "{4E2857E4-B75A-4EE5-824D-48168BEDD716}"
EndProject
Project("{FAE04EC0-301F-11D3-BF4B-00C04F79EFBC}") = "VVMSwitching", "VVMSwitching\VVMSwitching.csproj", "{76CC3CC8-62CF-45CB-8283-55D5C4FB7493}"
EndProject
Project("{FAE04EC0-301F-11D3-BF4B-00C04F79EFBC}") = "WpfVVMSwitching2", "WpfVVMSwitching2\WpfVVMSwitching2.csproj", "{5CB7DCA2-08F0-4721-815C-577FEDF75176}"
EndProject
Project("{FAE04EC0-301F-11D3-BF4B-00C04F79EFBC}") = "WpfDataTriggerTest", "WpfDataTriggerTest\WpfDataTriggerTest.csproj", "{51100151-6D83-4CAD-97A8-38DCF844D7BF}"
EndProject
Global
	GlobalSection(SolutionConfigurationPlatforms) = preSolution
		Debug|Any CPU = Debug|Any CPU
		Release|Any CPU = Release|Any CPU
	EndGlobalSection
	GlobalSection(ProjectConfigurationPlatforms) = postSolution
		{A8EF7527-7D05-4166-A72A-D3E7F9AC2F9A}.Debug|Any CPU.ActiveCfg = Debug|Any CPU
		{A8EF7527-7D05-4166-A72A-D3E7F9AC2F9A}.Debug|Any CPU.Build.0 = Debug|Any CPU
		{A8EF7527-7D05-4166-A72A-D3E7F9AC2F9A}.Release|Any CPU.ActiveCfg = Release|Any CPU
		{A8EF7527-7D05-4166-A72A-D3E7F9AC2F9A}.Release|Any CPU.Build.0 = Release|Any CPU
		{4E2857E4-B75A-4EE5-824D-48168BEDD716}.Debug|Any CPU.ActiveCfg = Debug|Any CPU
		{4E2857E4-B75A-4EE5-824D-48168BEDD716}.Debug|Any CPU.Build.0 = Debug|Any CPU
		{4E2857E4-B75A-4EE5-824D-48168BEDD716}.Release|Any CPU.ActiveCfg = Release|Any CPU
		{4E2857E4-B75A-4EE5-824D-48168BEDD716}.Release|Any CPU.Build.0 = Release|Any CPU
		{76CC3CC8-62CF-45CB-8283-55D5C4FB7493}.Debug|Any CPU.ActiveCfg = Debug|Any CPU
		{76CC3CC8-62CF-45CB-8283-55D5C4FB7493}.Debug|Any CPU.Build.0 = Debug|Any CPU
		{76CC3CC8-62CF-45CB-8283-55D5C4FB7493}.Release|Any CPU.ActiveCfg = Release|Any CPU
		{76CC3CC8-62CF-45CB-8283-55D5C4FB7493}.Release|Any CPU.Build.0 = Release|Any CPU
		{5CB7DCA2-08F0-4721-815C-577FEDF75176}.Debug|Any CPU.ActiveCfg = Debug|Any CPU
		{5CB7DCA2-08F0-4721-815C-577FEDF75176}.Debug|Any CPU.Build.0 = Debug|Any CPU
		{5CB7DCA2-08F0-4721-815C-577FEDF75176}.Release|Any CPU.ActiveCfg = Release|Any CPU
		{5CB7DCA2-08F0-4721-815C-577FEDF75176}.Release|Any CPU.Build.0 = Release|Any CPU
		{51100151-6D83-4CAD-97A8-38DCF844D7BF}.Debug|Any CPU.ActiveCfg = Debug|Any CPU
		{51100151-6D83-4CAD-97A8-38DCF844D7BF}.Debug|Any CPU.Build.0 = Debug|Any CPU
		{51100151-6D83-4CAD-97A8-38DCF844D7BF}.Release|Any CPU.ActiveCfg = Release|Any CPU
		{51100151-6D83-4CAD-97A8-38DCF844D7BF}.Release|Any CPU.Build.0 = Release|Any CPU
	EndGlobalSection
	GlobalSection(SolutionProperties) = preSolution
		HideSolutionNode = FALSE
	EndGlobalSection
	GlobalSection(ExtensibilityGlobals) = postSolution
		SolutionGuid = {14A7234C-646A-4BD0-B3A2-5F4DCACF3D74}
	EndGlobalSection
EndGlobal
